{
  "name": "@six5536/agent-harness-adapter-workspace",
  "lockfileVersion": 3,
  "requires": true,
  "packages": {
    "": {
      "name": "@six5536/agent-harness-adapter-workspace",
      "workspaces": [
        "packages/agent-harness-adapter",
        "packages/agent-harness-adapter-node"
      ]
    },
    "node_modules/@six5536/agent-harness-adapter": {
      "resolved": "packages/agent-harness-adapter",
      "link": true
    },
    "node_modules/@six5536/agent-harness-adapter-node": {
      "resolved": "packages/agent-harness-adapter-node",
      "link": true
    },
    "packages/agent-harness-adapter": {
      "name": "@six5536/agent-harness-adapter",
      "version": "0.1.0",
      "license": "MIT",
      "bin": {
        "agent-harness-adapter": "bin/agent-harness-adapter.js"
      },
      "engines": {
        "node": ">=18"
      },
      "optionalDependencies": {
        "@six5536/agent-harness-adapter-darwin-arm64": "0.1.0",
        "@six5536/agent-harness-adapter-darwin-x64": "0.1.0",
        "@six5536/agent-harness-adapter-linux-arm64": "0.1.0",
        "@six5536/agent-harness-adapter-linux-x64": "0.1.0",
        "@six5536/agent-harness-adapter-win32-x64": "0.1.0"
      }
    },
    "packages/agent-harness-adapter-node": {
      "name": "@six5536/agent-harness-adapter-node",
      "version": "0.1.0",
      "license": "MIT",
      "engines": {
        "node": ">=18"
      },
      "optionalDependencies": {
        "@six5536/agent-harness-adapter-node-darwin-arm64": "0.1.0",
        "@six5536/agent-harness-adapter-node-darwin-x64": "0.1.0",
        "@six5536/agent-harness-adapter-node-linux-arm64-gnu": "0.1.0",
        "@six5536/agent-harness-adapter-node-linux-x64-gnu": "0.1.0",
        "@six5536/agent-harness-adapter-node-win32-x64": "0.1.0"
      }
    }
  }
}
