{
  "name": "@six5536/agent-harness-kit-workspace",
  "lockfileVersion": 3,
  "requires": true,
  "packages": {
    "": {
      "name": "@six5536/agent-harness-kit-workspace",
      "workspaces": [
        "packages/agent-harness-kit"
      ]
    },
    "node_modules/@six5536/agent-harness-kit": {
      "resolved": "packages/agent-harness-kit",
      "link": true
    },
    "packages/agent-harness-kit": {
      "name": "@six5536/agent-harness-kit",
      "version": "0.1.0",
      "license": "MIT",
      "bin": {
        "ahk": "bin/ahk.js"
      },
      "engines": {
        "node": ">=18"
      },
      "optionalDependencies": {
        "@six5536/agent-harness-kit-darwin-arm64": "0.1.0",
        "@six5536/agent-harness-kit-darwin-x64": "0.1.0",
        "@six5536/agent-harness-kit-linux-arm64": "0.1.0",
        "@six5536/agent-harness-kit-linux-x64": "0.1.0",
        "@six5536/agent-harness-kit-win32-x64": "0.1.0"
      }
    }
  }
}
